# Generated by move; do not edit
# This file should be checked in.

[move]
version = 4

[pinned.mainnet.MoveStdlib]
source = { git = "https://github.com/MystenLabs/sui.git", subdir = "crates/sui-framework/packages/move-stdlib", rev = "2a0becb2fcc6989e492981104af67f62f2c9511a" }
use_environment = "mainnet"
manifest_digest = "C4FE4C91DE74CBF223B2E380AE40F592177D21870DC2D7EB6227D2D694E05363"
deps = {}

[pinned.mainnet.Sui]
source = { git = "https://github.com/MystenLabs/sui.git", subdir = "crates/sui-framework/packages/sui-framework", rev = "2a0becb2fcc6989e492981104af67f62f2c9511a" }
use_environment = "mainnet"
manifest_digest = "CD547CB1ACCE0880C835DAED2D8FFCB91D56C833AE5240D3AA5B918398263195"
deps = { MoveStdlib = "MoveStdlib" }

[pinned.mainnet.hikida]
source = { git = "https://github.com/unconfirmedlabs/hikida.git", subdir = ".", rev = "4abe4c1ff482655693698fa6ab8a6e2b58f8c635" }
use_environment = "mainnet"
manifest_digest = "E41BBD67BE8940D26C79D78B028477EF5B33BA217A1282C78ACB344CF8A5ECF6"
deps = { std = "MoveStdlib", sui = "Sui" }

[pinned.mainnet.party_wallet]
source = { root = true }
use_environment = "mainnet"
manifest_digest = "37DA94EB189719E4A24668DCB101F8B2D7F1547657AC401BA5CCB9AD88D2F968"
deps = { hikida = "hikida", partyos = "partyos", std = "MoveStdlib", sui = "Sui", vault = "vault" }

[pinned.mainnet.partyos]
source = { git = "https://github.com/misofm/partyos.git", subdir = ".", rev = "819fde6f34c0bc7eeb57ec7340cdf13dc56b3fca" }
use_environment = "mainnet"
manifest_digest = "E41BBD67BE8940D26C79D78B028477EF5B33BA217A1282C78ACB344CF8A5ECF6"
deps = { std = "MoveStdlib", sui = "Sui" }

[pinned.mainnet.vault]
source = { git = "https://github.com/misofm/vault.git", subdir = ".", rev = "8a4d1c0edbc120efc642a682308662e2a0b7f407" }
use_environment = "mainnet"
manifest_digest = "E41BBD67BE8940D26C79D78B028477EF5B33BA217A1282C78ACB344CF8A5ECF6"
deps = { std = "MoveStdlib", sui = "Sui" }

[pinned.testnet.MoveStdlib]
source = { git = "https://github.com/MystenLabs/sui.git", subdir = "crates/sui-framework/packages/move-stdlib", rev = "2a0becb2fcc6989e492981104af67f62f2c9511a" }
use_environment = "testnet"
manifest_digest = "C4FE4C91DE74CBF223B2E380AE40F592177D21870DC2D7EB6227D2D694E05363"
deps = {}

[pinned.testnet.Sui]
source = { git = "https://github.com/MystenLabs/sui.git", subdir = "crates/sui-framework/packages/sui-framework", rev = "2a0becb2fcc6989e492981104af67f62f2c9511a" }
use_environment = "testnet"
manifest_digest = "7AFB66695545775FBFBB2D3078ADFD084244D5002392E837FDE21D9EA1C6D01C"
deps = { MoveStdlib = "MoveStdlib" }

[pinned.testnet.hikida]
source = { git = "https://github.com/unconfirmedlabs/hikida.git", subdir = ".", rev = "c91d6a0f536a5f1457b342a8838fc1d7ba09212e" }
use_environment = "testnet"
manifest_digest = "5745706258F61D6CE210904B3E6AE87A73CE9D31A6F93BE4718C442529332A87"
deps = { std = "MoveStdlib", sui = "Sui" }

[pinned.testnet.party_wallet]
source = { root = true }
use_environment = "testnet"
manifest_digest = "515598CA3CB01B760D8F482B5185C483A8945B66C0859B18544E48569525912B"
deps = { hikida = "hikida", partyos = "partyos", std = "MoveStdlib", sui = "Sui", vault = "vault" }

[pinned.testnet.partyos]
source = { git = "https://github.com/misofm/partyos.git", subdir = ".", rev = "3626ee19e42cf8df5ecea59cd5be6cb5a1538cc1" }
use_environment = "testnet"
manifest_digest = "5745706258F61D6CE210904B3E6AE87A73CE9D31A6F93BE4718C442529332A87"
deps = { std = "MoveStdlib", sui = "Sui" }

[pinned.testnet.vault]
source = { git = "https://github.com/misofm/vault.git", subdir = ".", rev = "70c2d3a51fa7f4ce8ad471db8ec51a841dda9e42" }
use_environment = "testnet"
manifest_digest = "5745706258F61D6CE210904B3E6AE87A73CE9D31A6F93BE4718C442529332A87"
deps = { std = "MoveStdlib", sui = "Sui" }
